
Microsoft Visual Studio Solution File, Format Version 12.00
# Visual Studio Version 17
VisualStudioVersion = 17.0.32014.148
MinimumVisualStudioVersion = 10.0.40219.1
Project("{FAE04EC0-301F-11D3-BF4B-00C04F79EFBC}") = "SerializationApproaches", "SerializationApproaches\SerializationApproaches.csproj", "{1A260654-5C84-4905-B874-D9E161BBFDB6}"
EndProject
Global
	GlobalSection(SolutionConfigurationPlatforms) = preSolution
		Debug|Any CPU = Debug|Any CPU
		Release|Any CPU = Release|Any CPU
	EndGlobalSection
	GlobalSection(ProjectConfigurationPlatforms) = postSolution
		{1A260654-5C84-4905-B874-D9E161BBFDB6}.Debug|Any CPU.ActiveCfg = Debug|Any CPU
		{1A260654-5C84-4905-B874-D9E161BBFDB6}.Debug|Any CPU.Build.0 = Debug|Any CPU
		{1A260654-5C84-4905-B874-D9E161BBFDB6}.Release|Any CPU.ActiveCfg = Release|Any CPU
		{1A260654-5C84-4905-B874-D9E161BBFDB6}.Release|Any CPU.Build.0 = Release|Any CPU
	EndGlobalSection
	GlobalSection(SolutionProperties) = preSolution
		HideSolutionNode = FALSE
	EndGlobalSection
	GlobalSection(ExtensibilityGlobals) = postSolution
		SolutionGuid = {76347AF0-06EA-4271-8DFC-96C604C40815}
	EndGlobalSection
EndGlobal
